
Microsoft Visual Studio Solution File, Format Version 12.00
# Visual Studio Version 17
VisualStudioVersion = 17.9.34723.18
MinimumVisualStudioVersion = 10.0.40219.1
Project("{FAE04EC0-301F-11D3-BF4B-00C04F79EFBC}") = "AzurePractica", "AzurePractica\AzurePractica.csproj", "{C31FCD24-5224-4DDD-9AFD-CAFB2223BAF8}"
EndProject
Global
	GlobalSection(SolutionConfigurationPlatforms) = preSolution
		Debug|Any CPU = Debug|Any CPU
		Release|Any CPU = Release|Any CPU
	EndGlobalSection
	GlobalSection(ProjectConfigurationPlatforms) = postSolution
		{C31FCD24-5224-4DDD-9AFD-CAFB2223BAF8}.Debug|Any CPU.ActiveCfg = Debug|Any CPU
		{C31FCD24-5224-4DDD-9AFD-CAFB2223BAF8}.Debug|Any CPU.Build.0 = Debug|Any CPU
		{C31FCD24-5224-4DDD-9AFD-CAFB2223BAF8}.Release|Any CPU.ActiveCfg = Release|Any CPU
		{C31FCD24-5224-4DDD-9AFD-CAFB2223BAF8}.Release|Any CPU.Build.0 = Release|Any CPU
	EndGlobalSection
	GlobalSection(SolutionProperties) = preSolution
		HideSolutionNode = FALSE
	EndGlobalSection
	GlobalSection(ExtensibilityGlobals) = postSolution
		SolutionGuid = {88C593B7-53A8-4F55-80ED-90EDC4B2D3DD}
	EndGlobalSection
EndGlobal
